
Microsoft Visual Studio Solution File, Format Version 12.00
# Visual Studio Version 17
VisualStudioVersion = 17.1.32407.343
MinimumVisualStudioVersion = 10.0.40219.1
Project("{FAE04EC0-301F-11D3-BF4B-00C04F79EFBC}") = "Blogvio.WebApi", "Blogvio.WebApi\Blogvio.WebApi.csproj", "{2DFC8807-B836-4983-95CF-9026B6C8044F}"
EndProject
Global
	GlobalSection(SolutionConfigurationPlatforms) = preSolution
		Debug|Any CPU = Debug|Any CPU
		Release|Any CPU = Release|Any CPU
	EndGlobalSection
	GlobalSection(ProjectConfigurationPlatforms) = postSolution
		{2DFC8807-B836-4983-95CF-9026B6C8044F}.Debug|Any CPU.ActiveCfg = Debug|Any CPU
		{2DFC8807-B836-4983-95CF-9026B6C8044F}.Debug|Any CPU.Build.0 = Debug|Any CPU
		{2DFC8807-B836-4983-95CF-9026B6C8044F}.Release|Any CPU.ActiveCfg = Release|Any CPU
		{2DFC8807-B836-4983-95CF-9026B6C8044F}.Release|Any CPU.Build.0 = Release|Any CPU
	EndGlobalSection
	GlobalSection(SolutionProperties) = preSolution
		HideSolutionNode = FALSE
	EndGlobalSection
	GlobalSection(ExtensibilityGlobals) = postSolution
		SolutionGuid = {01887F33-CE42-4BB7-A934-1246F6A740E5}
	EndGlobalSection
EndGlobal
